
Microsoft Visual Studio Solution File, Format Version 12.00
# Visual Studio Version 17
VisualStudioVersion = 17.13.35825.156 d17.13
MinimumVisualStudioVersion = 10.0.40219.1
Project("{FAE04EC0-301F-11D3-BF4B-00C04F79EFBC}") = "Week-3", "Week-3.csproj", "{74274D66-9A8E-4F1C-BA77-714E5951184F}"
EndProject
Global
	GlobalSection(SolutionConfigurationPlatforms) = preSolution
		Debug|Any CPU = Debug|Any CPU
		Release|Any CPU = Release|Any CPU
	EndGlobalSection
	GlobalSection(ProjectConfigurationPlatforms) = postSolution
		{74274D66-9A8E-4F1C-BA77-714E5951184F}.Debug|Any CPU.ActiveCfg = Debug|Any CPU
		{74274D66-9A8E-4F1C-BA77-714E5951184F}.Debug|Any CPU.Build.0 = Debug|Any CPU
		{74274D66-9A8E-4F1C-BA77-714E5951184F}.Release|Any CPU.ActiveCfg = Release|Any CPU
		{74274D66-9A8E-4F1C-BA77-714E5951184F}.Release|Any CPU.Build.0 = Release|Any CPU
	EndGlobalSection
	GlobalSection(SolutionProperties) = preSolution
		HideSolutionNode = FALSE
	EndGlobalSection
	GlobalSection(ExtensibilityGlobals) = postSolution
		SolutionGuid = {6320EB19-E969-4733-A10E-5D4D6FC33495}
	EndGlobalSection
EndGlobal
